
Microsoft Visual Studio Solution File, Format Version 12.00
# Visual Studio Version 17
VisualStudioVersion = 17.0.31903.59
MinimumVisualStudioVersion = 10.0.40219.1
Project("{9A19103F-16F7-4668-BE54-9A1E7A4F7556}") = "ContextSwitching", "ContextSwitching\ContextSwitching.csproj", "{77C320DB-C488-443C-86BD-078D0DBA1808}"
EndProject
Project("{9A19103F-16F7-4668-BE54-9A1E7A4F7556}") = "SharedResources", "SharedResources\SharedResources.csproj", "{BB756C3C-7881-4099-A1D2-441517B23E9B}"
EndProject
Project("{9A19103F-16F7-4668-BE54-9A1E7A4F7556}") = "LocalMemory", "LocalMemory\LocalMemory.csproj", "{50DD7025-0B6B-4074-8879-C543CCA7E524}"
EndProject
Project("{9A19103F-16F7-4668-BE54-9A1E7A4F7556}") = "ThreadPool", "ThreadPool\ThreadPool.csproj", "{497C168F-7CFF-49FA-8483-F86B294CE0CA}"
EndProject
Project("{9A19103F-16F7-4668-BE54-9A1E7A4F7556}") = "ThreadJoin", "ThreadJoin\ThreadJoin.csproj", "{573224D5-7C4C-48E9-A740-D425053EE0FD}"
EndProject
Project("{9A19103F-16F7-4668-BE54-9A1E7A4F7556}") = "ThreadExceptions", "ThreadExceptions\ThreadExceptions.csproj", "{5A6DF9E7-8CCA-41D8-8158-61B9215B2D7E}"
EndProject
Project("{2150E333-8FDC-42A3-9474-1A3956D46DE8}") = "Threads", "Threads", "{EAF71648-7E2F-48BF-8825-C08CC8105B66}"
EndProject
Project("{2150E333-8FDC-42A3-9474-1A3956D46DE8}") = "Tasks", "Tasks", "{66540A17-D1B0-4E9F-BC42-C010BD564279}"
EndProject
Project("{9A19103F-16F7-4668-BE54-9A1E7A4F7556}") = "TasksIntro", "TasksIntro\TasksIntro.csproj", "{9B5EF9B1-750E-4073-93C2-0713083643BC}"
EndProject
Project("{2150E333-8FDC-42A3-9474-1A3956D46DE8}") = "Syncronization", "Syncronization", "{D66509F3-BD4C-4CB0-BAC2-5ED5BBB86424}"
EndProject
Project("{9A19103F-16F7-4668-BE54-9A1E7A4F7556}") = "LocksAndMonitor", "LocksAndMonitor\LocksAndMonitor.csproj", "{DEBD1768-0676-4544-8A07-89B970A649EF}"
EndProject
Project("{FAE04EC0-301F-11D3-BF4B-00C04F79EFBC}") = "IOTasks", "IOTasks\IOTasks.csproj", "{53C86676-5D81-4A13-9E36-507076DF8575}"
EndProject
Project("{FAE04EC0-301F-11D3-BF4B-00C04F79EFBC}") = "TasksContinuation", "TasksContinuation\TasksContinuation.csproj", "{C09EF300-6026-429C-A113-68BCAAB0A61D}"
EndProject
Project("{FAE04EC0-301F-11D3-BF4B-00C04F79EFBC}") = "NestedLocks", "NestedLocks\NestedLocks.csproj", "{DE439898-EDF2-4A4A-82A9-1D33AE940185}"
EndProject
Project("{FAE04EC0-301F-11D3-BF4B-00C04F79EFBC}") = "DeadLock", "DeadLock\DeadLock.csproj", "{BC8BFAD9-BFA1-4FCA-9D02-67B2E5B7E0A6}"
EndProject
Project("{FAE04EC0-301F-11D3-BF4B-00C04F79EFBC}") = "ReaderWriterLock", "ReaderWriterLock\ReaderWriterLock.csproj", "{3A81D1AB-28AC-4B93-B6E3-19897EED1FAD}"
EndProject
Project("{FAE04EC0-301F-11D3-BF4B-00C04F79EFBC}") = "Mutex", "Mutex\Mutex.csproj", "{34E0D3D0-E531-4939-BE1E-0C79C6589920}"
EndProject
Project("{FAE04EC0-301F-11D3-BF4B-00C04F79EFBC}") = "Semaphore", "Semaphore\Semaphore.csproj", "{49ED3A8C-D559-4D44-BEE5-3E51761B7758}"
EndProject
Project("{2150E333-8FDC-42A3-9474-1A3956D46DE8}") = "Signaling", "Signaling", "{BD5CD354-C5FF-46ED-9A2A-40CB7498155F}"
EndProject
Project("{2150E333-8FDC-42A3-9474-1A3956D46DE8}") = "TPL", "TPL", "{0C4919F2-8260-45BC-8CE0-6EFC1F44AFF2}"
EndProject
Project("{2150E333-8FDC-42A3-9474-1A3956D46DE8}") = "PLINQ", "PLINQ", "{387764BC-69BF-4CF9-8311-A3BAA84897F5}"
EndProject
Project("{2150E333-8FDC-42A3-9474-1A3956D46DE8}") = "TAP", "TAP", "{D1F50646-230F-4B78-A7EC-E91D4ECACAAC}"
EndProject
Project("{FAE04EC0-301F-11D3-BF4B-00C04F79EFBC}") = "ThreadAffinity", "ThreadAffinity\ThreadAffinity.csproj", "{3E0C1A9E-FB78-4CCB-A127-39F24C6F5205}"
EndProject
Project("{FAE04EC0-301F-11D3-BF4B-00C04F79EFBC}") = "AutoResetEvent", "AutoResetEvent\AutoResetEvent.csproj", "{7B45F05D-D300-42FE-9EC8-351570159B13}"
EndProject
Project("{FAE04EC0-301F-11D3-BF4B-00C04F79EFBC}") = "ManualResetEvent", "ManualResetEvent\ManualResetEvent.csproj", "{38C49001-7B2F-445C-85C2-BFCE93BC3FD9}"
EndProject
Project("{FAE04EC0-301F-11D3-BF4B-00C04F79EFBC}") = "CountdownResetEvent", "CountdownResetEvent\CountdownResetEvent.csproj", "{7A512A16-E34F-49B0-B44B-C704A5E803A7}"
EndProject
Project("{FAE04EC0-301F-11D3-BF4B-00C04F79EFBC}") = "TwoWaySignaling", "TwoWaySignaling\TwoWaySignaling.csproj", "{8E10BFDC-6BFF-4FAE-A2B8-23FCBA456F51}"
EndProject
Project("{FAE04EC0-301F-11D3-BF4B-00C04F79EFBC}") = "TPL", "TPL\TPL.csproj", "{BCC48E18-3F6E-4846-B477-AB3CD8A1A4AD}"
EndProject
Project("{FAE04EC0-301F-11D3-BF4B-00C04F79EFBC}") = "ParallelVsSequential", "ParallelVsSequential\ParallelVsSequential.csproj", "{13E5DE4D-A5FD-444F-A072-9705D6F0090D}"
EndProject
Global
	GlobalSection(SolutionConfigurationPlatforms) = preSolution
		Debug|Any CPU = Debug|Any CPU
		Release|Any CPU = Release|Any CPU
	EndGlobalSection
	GlobalSection(ProjectConfigurationPlatforms) = postSolution
		{77C320DB-C488-443C-86BD-078D0DBA1808}.Debug|Any CPU.ActiveCfg = Debug|Any CPU
		{77C320DB-C488-443C-86BD-078D0DBA1808}.Debug|Any CPU.Build.0 = Debug|Any CPU
		{77C320DB-C488-443C-86BD-078D0DBA1808}.Release|Any CPU.ActiveCfg = Release|Any CPU
		{77C320DB-C488-443C-86BD-078D0DBA1808}.Release|Any CPU.Build.0 = Release|Any CPU
		{BB756C3C-7881-4099-A1D2-441517B23E9B}.Debug|Any CPU.ActiveCfg = Debug|Any CPU
		{BB756C3C-7881-4099-A1D2-441517B23E9B}.Debug|Any CPU.Build.0 = Debug|Any CPU
		{BB756C3C-7881-4099-A1D2-441517B23E9B}.Release|Any CPU.ActiveCfg = Release|Any CPU
		{BB756C3C-7881-4099-A1D2-441517B23E9B}.Release|Any CPU.Build.0 = Release|Any CPU
		{50DD7025-0B6B-4074-8879-C543CCA7E524}.Debug|Any CPU.ActiveCfg = Debug|Any CPU
		{50DD7025-0B6B-4074-8879-C543CCA7E524}.Debug|Any CPU.Build.0 = Debug|Any CPU
		{50DD7025-0B6B-4074-8879-C543CCA7E524}.Release|Any CPU.ActiveCfg = Release|Any CPU
		{50DD7025-0B6B-4074-8879-C543CCA7E524}.Release|Any CPU.Build.0 = Release|Any CPU
		{497C168F-7CFF-49FA-8483-F86B294CE0CA}.Debug|Any CPU.ActiveCfg = Debug|Any CPU
		{497C168F-7CFF-49FA-8483-F86B294CE0CA}.Debug|Any CPU.Build.0 = Debug|Any CPU
		{497C168F-7CFF-49FA-8483-F86B294CE0CA}.Release|Any CPU.ActiveCfg = Release|Any CPU
		{497C168F-7CFF-49FA-8483-F86B294CE0CA}.Release|Any CPU.Build.0 = Release|Any CPU
		{573224D5-7C4C-48E9-A740-D425053EE0FD}.Debug|Any CPU.ActiveCfg = Debug|Any CPU
		{573224D5-7C4C-48E9-A740-D425053EE0FD}.Debug|Any CPU.Build.0 = Debug|Any CPU
		{573224D5-7C4C-48E9-A740-D425053EE0FD}.Release|Any CPU.ActiveCfg = Release|Any CPU
		{573224D5-7C4C-48E9-A740-D425053EE0FD}.Release|Any CPU.Build.0 = Release|Any CPU
		{5A6DF9E7-8CCA-41D8-8158-61B9215B2D7E}.Debug|Any CPU.ActiveCfg = Debug|Any CPU
		{5A6DF9E7-8CCA-41D8-8158-61B9215B2D7E}.Debug|Any CPU.Build.0 = Debug|Any CPU
		{5A6DF9E7-8CCA-41D8-8158-61B9215B2D7E}.Release|Any CPU.ActiveCfg = Release|Any CPU
		{5A6DF9E7-8CCA-41D8-8158-61B9215B2D7E}.Release|Any CPU.Build.0 = Release|Any CPU
		{9B5EF9B1-750E-4073-93C2-0713083643BC}.Debug|Any CPU.ActiveCfg = Debug|Any CPU
		{9B5EF9B1-750E-4073-93C2-0713083643BC}.Debug|Any CPU.Build.0 = Debug|Any CPU
		{9B5EF9B1-750E-4073-93C2-0713083643BC}.Release|Any CPU.ActiveCfg = Release|Any CPU
		{9B5EF9B1-750E-4073-93C2-0713083643BC}.Release|Any CPU.Build.0 = Release|Any CPU
		{DEBD1768-0676-4544-8A07-89B970A649EF}.Debug|Any CPU.ActiveCfg = Debug|Any CPU
		{DEBD1768-0676-4544-8A07-89B970A649EF}.Debug|Any CPU.Build.0 = Debug|Any CPU
		{DEBD1768-0676-4544-8A07-89B970A649EF}.Release|Any CPU.ActiveCfg = Release|Any CPU
		{DEBD1768-0676-4544-8A07-89B970A649EF}.Release|Any CPU.Build.0 = Release|Any CPU
		{53C86676-5D81-4A13-9E36-507076DF8575}.Debug|Any CPU.ActiveCfg = Debug|Any CPU
		{53C86676-5D81-4A13-9E36-507076DF8575}.Debug|Any CPU.Build.0 = Debug|Any CPU
		{53C86676-5D81-4A13-9E36-507076DF8575}.Release|Any CPU.ActiveCfg = Release|Any CPU
		{53C86676-5D81-4A13-9E36-507076DF8575}.Release|Any CPU.Build.0 = Release|Any CPU
		{C09EF300-6026-429C-A113-68BCAAB0A61D}.Debug|Any CPU.ActiveCfg = Debug|Any CPU
		{C09EF300-6026-429C-A113-68BCAAB0A61D}.Debug|Any CPU.Build.0 = Debug|Any CPU
		{C09EF300-6026-429C-A113-68BCAAB0A61D}.Release|Any CPU.ActiveCfg = Release|Any CPU
		{C09EF300-6026-429C-A113-68BCAAB0A61D}.Release|Any CPU.Build.0 = Release|Any CPU
		{DE439898-EDF2-4A4A-82A9-1D33AE940185}.Debug|Any CPU.ActiveCfg = Debug|Any CPU
		{DE439898-EDF2-4A4A-82A9-1D33AE940185}.Debug|Any CPU.Build.0 = Debug|Any CPU
		{DE439898-EDF2-4A4A-82A9-1D33AE940185}.Release|Any CPU.ActiveCfg = Release|Any CPU
		{DE439898-EDF2-4A4A-82A9-1D33AE940185}.Release|Any CPU.Build.0 = Release|Any CPU
		{BC8BFAD9-BFA1-4FCA-9D02-67B2E5B7E0A6}.Debug|Any CPU.ActiveCfg = Debug|Any CPU
		{BC8BFAD9-BFA1-4FCA-9D02-67B2E5B7E0A6}.Debug|Any CPU.Build.0 = Debug|Any CPU
		{BC8BFAD9-BFA1-4FCA-9D02-67B2E5B7E0A6}.Release|Any CPU.ActiveCfg = Release|Any CPU
		{BC8BFAD9-BFA1-4FCA-9D02-67B2E5B7E0A6}.Release|Any CPU.Build.0 = Release|Any CPU
		{3A81D1AB-28AC-4B93-B6E3-19897EED1FAD}.Debug|Any CPU.ActiveCfg = Debug|Any CPU
		{3A81D1AB-28AC-4B93-B6E3-19897EED1FAD}.Debug|Any CPU.Build.0 = Debug|Any CPU
		{3A81D1AB-28AC-4B93-B6E3-19897EED1FAD}.Release|Any CPU.ActiveCfg = Release|Any CPU
		{3A81D1AB-28AC-4B93-B6E3-19897EED1FAD}.Release|Any CPU.Build.0 = Release|Any CPU
		{34E0D3D0-E531-4939-BE1E-0C79C6589920}.Debug|Any CPU.ActiveCfg = Debug|Any CPU
		{34E0D3D0-E531-4939-BE1E-0C79C6589920}.Debug|Any CPU.Build.0 = Debug|Any CPU
		{34E0D3D0-E531-4939-BE1E-0C79C6589920}.Release|Any CPU.ActiveCfg = Release|Any CPU
		{34E0D3D0-E531-4939-BE1E-0C79C6589920}.Release|Any CPU.Build.0 = Release|Any CPU
		{49ED3A8C-D559-4D44-BEE5-3E51761B7758}.Debug|Any CPU.ActiveCfg = Debug|Any CPU
		{49ED3A8C-D559-4D44-BEE5-3E51761B7758}.Debug|Any CPU.Build.0 = Debug|Any CPU
		{49ED3A8C-D559-4D44-BEE5-3E51761B7758}.Release|Any CPU.ActiveCfg = Release|Any CPU
		{49ED3A8C-D559-4D44-BEE5-3E51761B7758}.Release|Any CPU.Build.0 = Release|Any CPU
		{3E0C1A9E-FB78-4CCB-A127-39F24C6F5205}.Debug|Any CPU.ActiveCfg = Debug|Any CPU
		{3E0C1A9E-FB78-4CCB-A127-39F24C6F5205}.Debug|Any CPU.Build.0 = Debug|Any CPU
		{3E0C1A9E-FB78-4CCB-A127-39F24C6F5205}.Release|Any CPU.ActiveCfg = Release|Any CPU
		{3E0C1A9E-FB78-4CCB-A127-39F24C6F5205}.Release|Any CPU.Build.0 = Release|Any CPU
		{7B45F05D-D300-42FE-9EC8-351570159B13}.Debug|Any CPU.ActiveCfg = Debug|Any CPU
		{7B45F05D-D300-42FE-9EC8-351570159B13}.Debug|Any CPU.Build.0 = Debug|Any CPU
		{7B45F05D-D300-42FE-9EC8-351570159B13}.Release|Any CPU.ActiveCfg = Release|Any CPU
		{7B45F05D-D300-42FE-9EC8-351570159B13}.Release|Any CPU.Build.0 = Release|Any CPU
		{38C49001-7B2F-445C-85C2-BFCE93BC3FD9}.Debug|Any CPU.ActiveCfg = Debug|Any CPU
		{38C49001-7B2F-445C-85C2-BFCE93BC3FD9}.Debug|Any CPU.Build.0 = Debug|Any CPU
		{38C49001-7B2F-445C-85C2-BFCE93BC3FD9}.Release|Any CPU.ActiveCfg = Release|Any CPU
		{38C49001-7B2F-445C-85C2-BFCE93BC3FD9}.Release|Any CPU.Build.0 = Release|Any CPU
		{7A512A16-E34F-49B0-B44B-C704A5E803A7}.Debug|Any CPU.ActiveCfg = Debug|Any CPU
		{7A512A16-E34F-49B0-B44B-C704A5E803A7}.Debug|Any CPU.Build.0 = Debug|Any CPU
		{7A512A16-E34F-49B0-B44B-C704A5E803A7}.Release|Any CPU.ActiveCfg = Release|Any CPU
		{7A512A16-E34F-49B0-B44B-C704A5E803A7}.Release|Any CPU.Build.0 = Release|Any CPU
		{8E10BFDC-6BFF-4FAE-A2B8-23FCBA456F51}.Debug|Any CPU.ActiveCfg = Debug|Any CPU
		{8E10BFDC-6BFF-4FAE-A2B8-23FCBA456F51}.Debug|Any CPU.Build.0 = Debug|Any CPU
		{8E10BFDC-6BFF-4FAE-A2B8-23FCBA456F51}.Release|Any CPU.ActiveCfg = Release|Any CPU
		{8E10BFDC-6BFF-4FAE-A2B8-23FCBA456F51}.Release|Any CPU.Build.0 = Release|Any CPU
		{BCC48E18-3F6E-4846-B477-AB3CD8A1A4AD}.Debug|Any CPU.ActiveCfg = Debug|Any CPU
		{BCC48E18-3F6E-4846-B477-AB3CD8A1A4AD}.Debug|Any CPU.Build.0 = Debug|Any CPU
		{BCC48E18-3F6E-4846-B477-AB3CD8A1A4AD}.Release|Any CPU.ActiveCfg = Release|Any CPU
		{BCC48E18-3F6E-4846-B477-AB3CD8A1A4AD}.Release|Any CPU.Build.0 = Release|Any CPU
		{13E5DE4D-A5FD-444F-A072-9705D6F0090D}.Debug|Any CPU.ActiveCfg = Debug|Any CPU
		{13E5DE4D-A5FD-444F-A072-9705D6F0090D}.Debug|Any CPU.Build.0 = Debug|Any CPU
		{13E5DE4D-A5FD-444F-A072-9705D6F0090D}.Release|Any CPU.ActiveCfg = Release|Any CPU
		{13E5DE4D-A5FD-444F-A072-9705D6F0090D}.Release|Any CPU.Build.0 = Release|Any CPU
	EndGlobalSection
	GlobalSection(SolutionProperties) = preSolution
		HideSolutionNode = FALSE
	EndGlobalSection
	GlobalSection(NestedProjects) = preSolution
		{77C320DB-C488-443C-86BD-078D0DBA1808} = {EAF71648-7E2F-48BF-8825-C08CC8105B66}
		{BB756C3C-7881-4099-A1D2-441517B23E9B} = {EAF71648-7E2F-48BF-8825-C08CC8105B66}
		{50DD7025-0B6B-4074-8879-C543CCA7E524} = {EAF71648-7E2F-48BF-8825-C08CC8105B66}
		{497C168F-7CFF-49FA-8483-F86B294CE0CA} = {EAF71648-7E2F-48BF-8825-C08CC8105B66}
		{573224D5-7C4C-48E9-A740-D425053EE0FD} = {EAF71648-7E2F-48BF-8825-C08CC8105B66}
		{5A6DF9E7-8CCA-41D8-8158-61B9215B2D7E} = {EAF71648-7E2F-48BF-8825-C08CC8105B66}
		{9B5EF9B1-750E-4073-93C2-0713083643BC} = {66540A17-D1B0-4E9F-BC42-C010BD564279}
		{DEBD1768-0676-4544-8A07-89B970A649EF} = {D66509F3-BD4C-4CB0-BAC2-5ED5BBB86424}
		{53C86676-5D81-4A13-9E36-507076DF8575} = {66540A17-D1B0-4E9F-BC42-C010BD564279}
		{C09EF300-6026-429C-A113-68BCAAB0A61D} = {66540A17-D1B0-4E9F-BC42-C010BD564279}
		{DE439898-EDF2-4A4A-82A9-1D33AE940185} = {D66509F3-BD4C-4CB0-BAC2-5ED5BBB86424}
		{BC8BFAD9-BFA1-4FCA-9D02-67B2E5B7E0A6} = {D66509F3-BD4C-4CB0-BAC2-5ED5BBB86424}
		{3A81D1AB-28AC-4B93-B6E3-19897EED1FAD} = {D66509F3-BD4C-4CB0-BAC2-5ED5BBB86424}
		{34E0D3D0-E531-4939-BE1E-0C79C6589920} = {D66509F3-BD4C-4CB0-BAC2-5ED5BBB86424}
		{49ED3A8C-D559-4D44-BEE5-3E51761B7758} = {D66509F3-BD4C-4CB0-BAC2-5ED5BBB86424}
		{3E0C1A9E-FB78-4CCB-A127-39F24C6F5205} = {BD5CD354-C5FF-46ED-9A2A-40CB7498155F}
		{7B45F05D-D300-42FE-9EC8-351570159B13} = {BD5CD354-C5FF-46ED-9A2A-40CB7498155F}
		{38C49001-7B2F-445C-85C2-BFCE93BC3FD9} = {BD5CD354-C5FF-46ED-9A2A-40CB7498155F}
		{7A512A16-E34F-49B0-B44B-C704A5E803A7} = {BD5CD354-C5FF-46ED-9A2A-40CB7498155F}
		{8E10BFDC-6BFF-4FAE-A2B8-23FCBA456F51} = {BD5CD354-C5FF-46ED-9A2A-40CB7498155F}
		{BCC48E18-3F6E-4846-B477-AB3CD8A1A4AD} = {0C4919F2-8260-45BC-8CE0-6EFC1F44AFF2}
		{13E5DE4D-A5FD-444F-A072-9705D6F0090D} = {0C4919F2-8260-45BC-8CE0-6EFC1F44AFF2}
	EndGlobalSection
	GlobalSection(ExtensibilityGlobals) = postSolution
		SolutionGuid = {54001438-2483-491B-AA18-CA6BFF970A9F}
	EndGlobalSection
EndGlobal
